// !$*UTF8*$!
{
	archiveVersion = 1;
	classes = {
	};
	objectVersion = 56;
	objects = {

/* Begin PBXBuildFile section */
		B41AD1CE29A5007400CF40EB /* AuthViewModel.swift in Sources */ = {isa = PBXBuildFile; fileRef = B41AD1CD29A5007400CF40EB /* AuthViewModel.swift */; };
		B41AD1D329A501FA00CF40EB /* UserService.swift in Sources */ = {isa = PBXBuildFile; fileRef = B41AD1D229A501FA00CF40EB /* UserService.swift */; };
		B42BA4A729A650260072AEB7 /* ImagePickerRepresentable.swift in Sources */ = {isa = PBXBuildFile; fileRef = B42BA4A629A650250072AEB7 /* ImagePickerRepresentable.swift */; };
		B42BA4A929A657A90072AEB7 /* PostModelView.swift in Sources */ = {isa = PBXBuildFile; fileRef = B42BA4A829A657A90072AEB7 /* PostModelView.swift */; };
		B449C1CA29A119D10032046A /* FirebaseAuth in Frameworks */ = {isa = PBXBuildFile; productRef = B449C1C929A119D10032046A /* FirebaseAuth */; };
		B449C1CC29A119D10032046A /* FirebaseFirestore in Frameworks */ = {isa = PBXBuildFile; productRef = B449C1CB29A119D10032046A /* FirebaseFirestore */; };
		B449C1CE29A119D10032046A /* FirebaseFirestoreSwift in Frameworks */ = {isa = PBXBuildFile; productRef = B449C1CD29A119D10032046A /* FirebaseFirestoreSwift */; };
		B449C1D029A119D10032046A /* FirebaseStorage in Frameworks */ = {isa = PBXBuildFile; productRef = B449C1CF29A119D10032046A /* FirebaseStorage */; };
		B44AD3CE29AA8DFB008342DF /* PlaceholderStyle.swift in Sources */ = {isa = PBXBuildFile; fileRef = B44AD3CD29AA8DFA008342DF /* PlaceholderStyle.swift */; };
		B44AD3D029AAB918008342DF /* PhotoPickerRepresentable.swift in Sources */ = {isa = PBXBuildFile; fileRef = B44AD3CF29AAB918008342DF /* PhotoPickerRepresentable.swift */; };
		B44DA41629A3EC820003FD44 /* LoginView.swift in Sources */ = {isa = PBXBuildFile; fileRef = B44DA41529A3EC820003FD44 /* LoginView.swift */; };
		B44DA41829A3FD200003FD44 /* AnimalTypeView.swift in Sources */ = {isa = PBXBuildFile; fileRef = B44DA41729A3FD200003FD44 /* AnimalTypeView.swift */; };
		B45ABFD4299E98670099B3DA /* InstaPetsApp.swift in Sources */ = {isa = PBXBuildFile; fileRef = B45ABFD3299E98670099B3DA /* InstaPetsApp.swift */; };
		B45ABFD6299E98670099B3DA /* HomeView.swift in Sources */ = {isa = PBXBuildFile; fileRef = B45ABFD5299E98670099B3DA /* HomeView.swift */; };
		B45ABFD8299E98690099B3DA /* Assets.xcassets in Resources */ = {isa = PBXBuildFile; fileRef = B45ABFD7299E98690099B3DA /* Assets.xcassets */; };
		B45ABFDB299E98690099B3DA /* Preview Assets.xcassets in Resources */ = {isa = PBXBuildFile; fileRef = B45ABFDA299E98690099B3DA /* Preview Assets.xcassets */; };
		B45ABFE5299E9AB00099B3DA /* Color.swift in Sources */ = {isa = PBXBuildFile; fileRef = B45ABFE4299E9AB00099B3DA /* Color.swift */; };
		B45DFD8B29A5407500D1FAB2 /* PickMediaView.swift in Sources */ = {isa = PBXBuildFile; fileRef = B45DFD8A29A5407500D1FAB2 /* PickMediaView.swift */; };
		B4C5263F29A3AA1F00D1772D /* User.swift in Sources */ = {isa = PBXBuildFile; fileRef = B4C5263E29A3AA1F00D1772D /* User.swift */; };
		B4C5264529A3AAC200D1772D /* RegistrationView.swift in Sources */ = {isa = PBXBuildFile; fileRef = B4C5264429A3AAC200D1772D /* RegistrationView.swift */; };
		B4C5264829A3AEB400D1772D /* Pacifico-Regular.ttf in Resources */ = {isa = PBXBuildFile; fileRef = B4C5264729A3AE8A00D1772D /* Pacifico-Regular.ttf */; };
		B4CFC09C29AA3F8E009E375F /* PostImage.swift in Sources */ = {isa = PBXBuildFile; fileRef = B4CFC09B29AA3F8E009E375F /* PostImage.swift */; };
		B4CFC09E29AA470F009E375F /* PostView.swift in Sources */ = {isa = PBXBuildFile; fileRef = B4CFC09D29AA470F009E375F /* PostView.swift */; };
		B4CFC0A029AA5B77009E375F /* UIScreen.swift in Sources */ = {isa = PBXBuildFile; fileRef = B4CFC09F29AA5B77009E375F /* UIScreen.swift */; };
		B4CFC0A229AA5C69009E375F /* CustomTextfield.swift in Sources */ = {isa = PBXBuildFile; fileRef = B4CFC0A129AA5C69009E375F /* CustomTextfield.swift */; };
		B4EDC5A629A6888B008174AF /* GoogleService-Info.plist in Resources */ = {isa = PBXBuildFile; fileRef = B4EDC5A529A6888B008174AF /* GoogleService-Info.plist */; };
		B4F61F8B29A7F0BA007467FB /* CarouselView.swift in Sources */ = {isa = PBXBuildFile; fileRef = B4F61F8A29A7F0BA007467FB /* CarouselView.swift */; };
		B4F61F8E29A7F109007467FB /* Kingfisher in Frameworks */ = {isa = PBXBuildFile; productRef = B4F61F8D29A7F109007467FB /* Kingfisher */; };
		B4F61F9029A7F33C007467FB /* Post.swift in Sources */ = {isa = PBXBuildFile; fileRef = B4F61F8F29A7F33C007467FB /* Post.swift */; };
		B4FCB97A29A933B800F8432F /* ACarousel in Frameworks */ = {isa = PBXBuildFile; productRef = B4FCB97929A933B800F8432F /* ACarousel */; };
		B4FDB21E29A0FE0B00EEB245 /* TabBarButtonView.swift in Sources */ = {isa = PBXBuildFile; fileRef = B4FDB21D29A0FE0B00EEB245 /* TabBarButtonView.swift */; };
		B4FDB22529A0FFDA00EEB245 /* HomeViewModel.swift in Sources */ = {isa = PBXBuildFile; fileRef = B4FDB22429A0FFDA00EEB245 /* HomeViewModel.swift */; };
		B4FDB22729A1021E00EEB245 /* If.swift in Sources */ = {isa = PBXBuildFile; fileRef = B4FDB22629A1021E00EEB245 /* If.swift */; };
		B4FDB22929A10B1200EEB245 /* MainTabBarView.swift in Sources */ = {isa = PBXBuildFile; fileRef = B4FDB22829A10B1200EEB245 /* MainTabBarView.swift */; };
/* End PBXBuildFile section */

/* Begin PBXFileReference section */
		B41AD1CD29A5007400CF40EB /* AuthViewModel.swift */ = {isa = PBXFileReference; fileEncoding = 4; lastKnownFileType = sourcecode.swift; path = AuthViewModel.swift; sourceTree = "<group>"; };
		B41AD1D229A501FA00CF40EB /* UserService.swift */ = {isa = PBXFileReference; fileEncoding = 4; lastKnownFileType = sourcecode.swift; path = UserService.swift; sourceTree = "<group>"; };
		B42BA4A629A650250072AEB7 /* ImagePickerRepresentable.swift */ = {isa = PBXFileReference; lastKnownFileType = sourcecode.swift; path = ImagePickerRepresentable.swift; sourceTree = "<group>"; };
		B42BA4A829A657A90072AEB7 /* PostModelView.swift */ = {isa = PBXFileReference; lastKnownFileType = sourcecode.swift; path = PostModelView.swift; sourceTree = "<group>"; };
		B44AD3CD29AA8DFA008342DF /* PlaceholderStyle.swift */ = {isa = PBXFileReference; lastKnownFileType = sourcecode.swift; path = PlaceholderStyle.swift; sourceTree = "<group>"; };
		B44AD3CF29AAB918008342DF /* PhotoPickerRepresentable.swift */ = {isa = PBXFileReference; lastKnownFileType = sourcecode.swift; path = PhotoPickerRepresentable.swift; sourceTree = "<group>"; };
		B44DA41529A3EC820003FD44 /* LoginView.swift */ = {isa = PBXFileReference; lastKnownFileType = sourcecode.swift; path = LoginView.swift; sourceTree = "<group>"; };
		B44DA41729A3FD200003FD44 /* AnimalTypeView.swift */ = {isa = PBXFileReference; lastKnownFileType = sourcecode.swift; path = AnimalTypeView.swift; sourceTree = "<group>"; };
		B45ABFD0299E98670099B3DA /* InstaPets.app */ = {isa = PBXFileReference; explicitFileType = wrapper.application; includeInIndex = 0; path = InstaPets.app; sourceTree = BUILT_PRODUCTS_DIR; };
		B45ABFD3299E98670099B3DA /* InstaPetsApp.swift */ = {isa = PBXFileReference; lastKnownFileType = sourcecode.swift; path = InstaPetsApp.swift; sourceTree = "<group>"; };
		B45ABFD5299E98670099B3DA /* HomeView.swift */ = {isa = PBXFileReference; lastKnownFileType = sourcecode.swift; path = HomeView.swift; sourceTree = "<group>"; };
		B45ABFD7299E98690099B3DA /* Assets.xcassets */ = {isa = PBXFileReference; lastKnownFileType = folder.assetcatalog; path = Assets.xcassets; sourceTree = "<group>"; };
		B45ABFDA299E98690099B3DA /* Preview Assets.xcassets */ = {isa = PBXFileReference; lastKnownFileType = folder.assetcatalog; path = "Preview Assets.xcassets"; sourceTree = "<group>"; };
		B45ABFE4299E9AB00099B3DA /* Color.swift */ = {isa = PBXFileReference; fileEncoding = 4; lastKnownFileType = sourcecode.swift; path = Color.swift; sourceTree = "<group>"; };
		B45DFD8A29A5407500D1FAB2 /* PickMediaView.swift */ = {isa = PBXFileReference; lastKnownFileType = sourcecode.swift; path = PickMediaView.swift; sourceTree = "<group>"; };
		B4C5263E29A3AA1F00D1772D /* User.swift */ = {isa = PBXFileReference; lastKnownFileType = sourcecode.swift; path = User.swift; sourceTree = "<group>"; };
		B4C5264429A3AAC200D1772D /* RegistrationView.swift */ = {isa = PBXFileReference; lastKnownFileType = sourcecode.swift; path = RegistrationView.swift; sourceTree = "<group>"; };
		B4C5264729A3AE8A00D1772D /* Pacifico-Regular.ttf */ = {isa = PBXFileReference; lastKnownFileType = file; path = "Pacifico-Regular.ttf"; sourceTree = "<group>"; };
		B4C5264929A3AEF700D1772D /* Info.plist */ = {isa = PBXFileReference; lastKnownFileType = text.plist; path = Info.plist; sourceTree = "<group>"; };
		B4CFC09B29AA3F8E009E375F /* PostImage.swift */ = {isa = PBXFileReference; fileEncoding = 4; lastKnownFileType = sourcecode.swift; path = PostImage.swift; sourceTree = "<group>"; };
		B4CFC09D29AA470F009E375F /* PostView.swift */ = {isa = PBXFileReference; lastKnownFileType = sourcecode.swift; path = PostView.swift; sourceTree = "<group>"; };
		B4CFC09F29AA5B77009E375F /* UIScreen.swift */ = {isa = PBXFileReference; lastKnownFileType = sourcecode.swift; path = UIScreen.swift; sourceTree = "<group>"; };
		B4CFC0A129AA5C69009E375F /* CustomTextfield.swift */ = {isa = PBXFileReference; lastKnownFileType = sourcecode.swift; path = CustomTextfield.swift; sourceTree = "<group>"; };
		B4EDC5A529A6888B008174AF /* GoogleService-Info.plist */ = {isa = PBXFileReference; fileEncoding = 4; lastKnownFileType = text.plist.xml; path = "GoogleService-Info.plist"; sourceTree = "<group>"; };
		B4F61F8A29A7F0BA007467FB /* CarouselView.swift */ = {isa = PBXFileReference; lastKnownFileType = sourcecode.swift; path = CarouselView.swift; sourceTree = "<group>"; };
		B4F61F8F29A7F33C007467FB /* Post.swift */ = {isa = PBXFileReference; lastKnownFileType = sourcecode.swift; path = Post.swift; sourceTree = "<group>"; };
		B4FDB21D29A0FE0B00EEB245 /* TabBarButtonView.swift */ = {isa = PBXFileReference; fileEncoding = 4; lastKnownFileType = sourcecode.swift; path = TabBarButtonView.swift; sourceTree = "<group>"; };
		B4FDB22429A0FFDA00EEB245 /* HomeViewModel.swift */ = {isa = PBXFileReference; lastKnownFileType = sourcecode.swift; path = HomeViewModel.swift; sourceTree = "<group>"; };
		B4FDB22629A1021E00EEB245 /* If.swift */ = {isa = PBXFileReference; lastKnownFileType = sourcecode.swift; path = If.swift; sourceTree = "<group>"; };
		B4FDB22829A10B1200EEB245 /* MainTabBarView.swift */ = {isa = PBXFileReference; lastKnownFileType = sourcecode.swift; path = MainTabBarView.swift; sourceTree = "<group>"; };
/* End PBXFileReference section */

/* Begin PBXFrameworksBuildPhase section */
		B45ABFCD299E98670099B3DA /* Frameworks */ = {
			isa = PBXFrameworksBuildPhase;
			buildActionMask = 2147483647;
			files = (
				B449C1CA29A119D10032046A /* FirebaseAuth in Frameworks */,
				B449C1D029A119D10032046A /* FirebaseStorage in Frameworks */,
				B449C1CC29A119D10032046A /* FirebaseFirestore in Frameworks */,
				B449C1CE29A119D10032046A /* FirebaseFirestoreSwift in Frameworks */,
				B4FCB97A29A933B800F8432F /* ACarousel in Frameworks */,
				B4F61F8E29A7F109007467FB /* Kingfisher in Frameworks */,
			);
			runOnlyForDeploymentPostprocessing = 0;
		};
/* End PBXFrameworksBuildPhase section */

/* Begin PBXGroup section */
		B41AD1D129A501E800CF40EB /* Services */ = {
			isa = PBXGroup;
			children = (
				B41AD1D229A501FA00CF40EB /* UserService.swift */,
			);
			path = Services;
			sourceTree = "<group>";
		};
		B45ABFC7299E98670099B3DA = {
			isa = PBXGroup;
			children = (
				B45ABFD2299E98670099B3DA /* InstaPets */,
				B45ABFD1299E98670099B3DA /* Products */,
			);
			sourceTree = "<group>";
		};
		B45ABFD1299E98670099B3DA /* Products */ = {
			isa = PBXGroup;
			children = (
				B45ABFD0299E98670099B3DA /* InstaPets.app */,
			);
			name = Products;
			sourceTree = "<group>";
		};
		B45ABFD2299E98670099B3DA /* InstaPets */ = {
			isa = PBXGroup;
			children = (
				B45ABFE1299E98D40099B3DA /* App */,
				B41AD1D129A501E800CF40EB /* Services */,
				B45ABFE7299E9E5A0099B3DA /* Core */,
				B4C5263D29A3AA0300D1772D /* Models */,
				B45ABFE3299E9A9D0099B3DA /* Extensions */,
				B4C5264629A3AE6D00D1772D /* Fonts */,
				B45ABFD7299E98690099B3DA /* Assets.xcassets */,
				B4EDC5A529A6888B008174AF /* GoogleService-Info.plist */,
				B4C5264929A3AEF700D1772D /* Info.plist */,
				B45ABFD9299E98690099B3DA /* Preview Content */,
			);
			path = InstaPets;
			sourceTree = "<group>";
		};
		B45ABFD9299E98690099B3DA /* Preview Content */ = {
			isa = PBXGroup;
			children = (
				B45ABFDA299E98690099B3DA /* Preview Assets.xcassets */,
			);
			path = "Preview Content";
			sourceTree = "<group>";
		};
		B45ABFE1299E98D40099B3DA /* App */ = {
			isa = PBXGroup;
			children = (
				B45ABFD3299E98670099B3DA /* InstaPetsApp.swift */,
			);
			path = App;
			sourceTree = "<group>";
		};
		B45ABFE2299E998E0099B3DA /* Home */ = {
			isa = PBXGroup;
			children = (
				B4FDB21F29A0FF5800EEB245 /* View */,
				B4FDB22029A0FF6400EEB245 /* ViewModel */,
			);
			path = Home;
			sourceTree = "<group>";
		};
		B45ABFE3299E9A9D0099B3DA /* Extensions */ = {
			isa = PBXGroup;
			children = (
				B45ABFE4299E9AB00099B3DA /* Color.swift */,
				B4FDB22629A1021E00EEB245 /* If.swift */,
				B4CFC09F29AA5B77009E375F /* UIScreen.swift */,
			);
			path = Extensions;
			sourceTree = "<group>";
		};
		B45ABFE6299E9E380099B3DA /* MainTabBar */ = {
			isa = PBXGroup;
			children = (
				B45ABFE9299E9E7D0099B3DA /* View */,
			);
			path = MainTabBar;
			sourceTree = "<group>";
		};
		B45ABFE7299E9E5A0099B3DA /* Core */ = {
			isa = PBXGroup;
			children = (
				B4FDB22A29A1108500EEB245 /* Common */,
				B45ABFE2299E998E0099B3DA /* Home */,
				B4C5263B29A3A95E00D1772D /* Authentication */,
				B45ABFE6299E9E380099B3DA /* MainTabBar */,
				B45DFD8529A53EC200D1FAB2 /* Post */,
			);
			path = Core;
			sourceTree = "<group>";
		};
		B45ABFE9299E9E7D0099B3DA /* View */ = {
			isa = PBXGroup;
			children = (
				B4FDB21D29A0FE0B00EEB245 /* TabBarButtonView.swift */,
				B4FDB22829A10B1200EEB245 /* MainTabBarView.swift */,
			);
			path = View;
			sourceTree = "<group>";
		};
		B45DFD8529A53EC200D1FAB2 /* Post */ = {
			isa = PBXGroup;
			children = (
				B45DFD8729A53F0F00D1FAB2 /* ViewModel */,
				B45DFD8629A53F0A00D1FAB2 /* View */,
			);
			path = Post;
			sourceTree = "<group>";
		};
		B45DFD8629A53F0A00D1FAB2 /* View */ = {
			isa = PBXGroup;
			children = (
				B45DFD8A29A5407500D1FAB2 /* PickMediaView.swift */,
				B4CFC09D29AA470F009E375F /* PostView.swift */,
			);
			path = View;
			sourceTree = "<group>";
		};
		B45DFD8729A53F0F00D1FAB2 /* ViewModel */ = {
			isa = PBXGroup;
			children = (
				B42BA4A829A657A90072AEB7 /* PostModelView.swift */,
			);
			path = ViewModel;
			sourceTree = "<group>";
		};
		B4C5263B29A3A95E00D1772D /* Authentication */ = {
			isa = PBXGroup;
			children = (
				B4C5264329A3AA7400D1772D /* ViewModels */,
				B4C5264229A3AA6E00D1772D /* Views */,
			);
			path = Authentication;
			sourceTree = "<group>";
		};
		B4C5263D29A3AA0300D1772D /* Models */ = {
			isa = PBXGroup;
			children = (
				B4C5263E29A3AA1F00D1772D /* User.swift */,
				B4CFC09B29AA3F8E009E375F /* PostImage.swift */,
				B4F61F8F29A7F33C007467FB /* Post.swift */,
			);
			path = Models;
			sourceTree = "<group>";
		};
		B4C5264229A3AA6E00D1772D /* Views */ = {
			isa = PBXGroup;
			children = (
				B4C5264429A3AAC200D1772D /* RegistrationView.swift */,
				B44DA41529A3EC820003FD44 /* LoginView.swift */,
				B44DA41729A3FD200003FD44 /* AnimalTypeView.swift */,
			);
			path = Views;
			sourceTree = "<group>";
		};
		B4C5264329A3AA7400D1772D /* ViewModels */ = {
			isa = PBXGroup;
			children = (
				B41AD1CD29A5007400CF40EB /* AuthViewModel.swift */,
			);
			path = ViewModels;
			sourceTree = "<group>";
		};
		B4C5264629A3AE6D00D1772D /* Fonts */ = {
			isa = PBXGroup;
			children = (
				B4C5264729A3AE8A00D1772D /* Pacifico-Regular.ttf */,
			);
			path = Fonts;
			sourceTree = "<group>";
		};
		B4FDB21F29A0FF5800EEB245 /* View */ = {
			isa = PBXGroup;
			children = (
				B45ABFD5299E98670099B3DA /* HomeView.swift */,
			);
			path = View;
			sourceTree = "<group>";
		};
		B4FDB22029A0FF6400EEB245 /* ViewModel */ = {
			isa = PBXGroup;
			children = (
				B4FDB22429A0FFDA00EEB245 /* HomeViewModel.swift */,
			);
			path = ViewModel;
			sourceTree = "<group>";
		};
		B4FDB22A29A1108500EEB245 /* Common */ = {
			isa = PBXGroup;
			children = (
				B42BA4A629A650250072AEB7 /* ImagePickerRepresentable.swift */,
				B4F61F8A29A7F0BA007467FB /* CarouselView.swift */,
				B4CFC0A129AA5C69009E375F /* CustomTextfield.swift */,
				B44AD3CD29AA8DFA008342DF /* PlaceholderStyle.swift */,
				B44AD3CF29AAB918008342DF /* PhotoPickerRepresentable.swift */,
			);
			path = Common;
			sourceTree = "<group>";
		};
/* End PBXGroup section */

/* Begin PBXNativeTarget section */
		B45ABFCF299E98670099B3DA /* InstaPets */ = {
			isa = PBXNativeTarget;
			buildConfigurationList = B45ABFDE299E98690099B3DA /* Build configuration list for PBXNativeTarget "InstaPets" */;
			buildPhases = (
				B45ABFCC299E98670099B3DA /* Sources */,
				B45ABFCD299E98670099B3DA /* Frameworks */,
				B45ABFCE299E98670099B3DA /* Resources */,
			);
			buildRules = (
			);
			dependencies = (
			);
			name = InstaPets;
			packageProductDependencies = (
				B449C1C929A119D10032046A /* FirebaseAuth */,
				B449C1CB29A119D10032046A /* FirebaseFirestore */,
				B449C1CD29A119D10032046A /* FirebaseFirestoreSwift */,
				B449C1CF29A119D10032046A /* FirebaseStorage */,
				B4F61F8D29A7F109007467FB /* Kingfisher */,
				B4FCB97929A933B800F8432F /* ACarousel */,
			);
			productName = InstaPets;
			productReference = B45ABFD0299E98670099B3DA /* InstaPets.app */;
			productType = "com.apple.product-type.application";
		};
/* End PBXNativeTarget section */

/* Begin PBXProject section */
		B45ABFC8299E98670099B3DA /* Project object */ = {
			isa = PBXProject;
			attributes = {
				BuildIndependentTargetsInParallel = 1;
				LastSwiftUpdateCheck = 1410;
				LastUpgradeCheck = 1410;
				TargetAttributes = {
					B45ABFCF299E98670099B3DA = {
						CreatedOnToolsVersion = 14.1;
					};
				};
			};
			buildConfigurationList = B45ABFCB299E98670099B3DA /* Build configuration list for PBXProject "InstaPets" */;
			compatibilityVersion = "Xcode 14.0";
			developmentRegion = en;
			hasScannedForEncodings = 0;
			knownRegions = (
				en,
				Base,
			);
			mainGroup = B45ABFC7299E98670099B3DA;
			packageReferences = (
				B449C1C829A119D10032046A /* XCRemoteSwiftPackageReference "firebase-ios-sdk" */,
				B4F61F8C29A7F109007467FB /* XCRemoteSwiftPackageReference "Kingfisher" */,
				B4FCB97829A933B800F8432F /* XCRemoteSwiftPackageReference "ACarousel" */,
			);
			productRefGroup = B45ABFD1299E98670099B3DA /* Products */;
			projectDirPath = "";
			projectRoot = "";
			targets = (
				B45ABFCF299E98670099B3DA /* InstaPets */,
			);
		};
/* End PBXProject section */

/* Begin PBXResourcesBuildPhase section */
		B45ABFCE299E98670099B3DA /* Resources */ = {
			isa = PBXResourcesBuildPhase;
			buildActionMask = 2147483647;
			files = (
				B4C5264829A3AEB400D1772D /* Pacifico-Regular.ttf in Resources */,
				B4EDC5A629A6888B008174AF /* GoogleService-Info.plist in Resources */,
				B45ABFDB299E98690099B3DA /* Preview Assets.xcassets in Resources */,
				B45ABFD8299E98690099B3DA /* Assets.xcassets in Resources */,
			);
			runOnlyForDeploymentPostprocessing = 0;
		};
/* End PBXResourcesBuildPhase section */

/* Begin PBXSourcesBuildPhase section */
		B45ABFCC299E98670099B3DA /* Sources */ = {
			isa = PBXSourcesBuildPhase;
			buildActionMask = 2147483647;
			files = (
				B42BA4A929A657A90072AEB7 /* PostModelView.swift in Sources */,
				B44AD3CE29AA8DFB008342DF /* PlaceholderStyle.swift in Sources */,
				B45DFD8B29A5407500D1FAB2 /* PickMediaView.swift in Sources */,
				B4FDB21E29A0FE0B00EEB245 /* TabBarButtonView.swift in Sources */,
				B45ABFD6299E98670099B3DA /* HomeView.swift in Sources */,
				B4CFC0A229AA5C69009E375F /* CustomTextfield.swift in Sources */,
				B4F61F8B29A7F0BA007467FB /* CarouselView.swift in Sources */,
				B4FDB22929A10B1200EEB245 /* MainTabBarView.swift in Sources */,
				B4CFC09C29AA3F8E009E375F /* PostImage.swift in Sources */,
				B42BA4A729A650260072AEB7 /* ImagePickerRepresentable.swift in Sources */,
				B4C5264529A3AAC200D1772D /* RegistrationView.swift in Sources */,
				B45ABFD4299E98670099B3DA /* InstaPetsApp.swift in Sources */,
				B4C5263F29A3AA1F00D1772D /* User.swift in Sources */,
				B41AD1D329A501FA00CF40EB /* UserService.swift in Sources */,
				B4FDB22529A0FFDA00EEB245 /* HomeViewModel.swift in Sources */,
				B44DA41829A3FD200003FD44 /* AnimalTypeView.swift in Sources */,
				B41AD1CE29A5007400CF40EB /* AuthViewModel.swift in Sources */,
				B4FDB22729A1021E00EEB245 /* If.swift in Sources */,
				B4F61F9029A7F33C007467FB /* Post.swift in Sources */,
				B44DA41629A3EC820003FD44 /* LoginView.swift in Sources */,
				B4CFC09E29AA470F009E375F /* PostView.swift in Sources */,
				B44AD3D029AAB918008342DF /* PhotoPickerRepresentable.swift in Sources */,
				B4CFC0A029AA5B77009E375F /* UIScreen.swift in Sources */,
				B45ABFE5299E9AB00099B3DA /* Color.swift in Sources */,
			);
			runOnlyForDeploymentPostprocessing = 0;
		};
/* End PBXSourcesBuildPhase section */

/* Begin XCBuildConfiguration section */
		B45ABFDC299E98690099B3DA /* Debug */ = {
			isa = XCBuildConfiguration;
			buildSettings = {
				ALWAYS_SEARCH_USER_PATHS = NO;
				CLANG_ANALYZER_NONNULL = YES;
				CLANG_ANALYZER_NUMBER_OBJECT_CONVERSION = YES_AGGRESSIVE;
				CLANG_CXX_LANGUAGE_STANDARD = "gnu++20";
				CLANG_ENABLE_MODULES = YES;
				CLANG_ENABLE_OBJC_ARC = YES;
				CLANG_ENABLE_OBJC_WEAK = YES;
				CLANG_WARN_BLOCK_CAPTURE_AUTORELEASING = YES;
				CLANG_WARN_BOOL_CONVERSION = YES;
				CLANG_WARN_COMMA = YES;
				CLANG_WARN_CONSTANT_CONVERSION = YES;
				CLANG_WARN_DEPRECATED_OBJC_IMPLEMENTATIONS = YES;
				CLANG_WARN_DIRECT_OBJC_ISA_USAGE = YES_ERROR;
				CLANG_WARN_DOCUMENTATION_COMMENTS = YES;
				CLANG_WARN_EMPTY_BODY = YES;
				CLANG_WARN_ENUM_CONVERSION = YES;
				CLANG_WARN_INFINITE_RECURSION = YES;
				CLANG_WARN_INT_CONVERSION = YES;
				CLANG_WARN_NON_LITERAL_NULL_CONVERSION = YES;
				CLANG_WARN_OBJC_IMPLICIT_RETAIN_SELF = YES;
				CLANG_WARN_OBJC_LITERAL_CONVERSION = YES;
				CLANG_WARN_OBJC_ROOT_CLASS = YES_ERROR;
				CLANG_WARN_QUOTED_INCLUDE_IN_FRAMEWORK_HEADER = YES;
				CLANG_WARN_RANGE_LOOP_ANALYSIS = YES;
				CLANG_WARN_STRICT_PROTOTYPES = YES;
				CLANG_WARN_SUSPICIOUS_MOVE = YES;
				CLANG_WARN_UNGUARDED_AVAILABILITY = YES_AGGRESSIVE;
				CLANG_WARN_UNREACHABLE_CODE = YES;
				CLANG_WARN__DUPLICATE_METHOD_MATCH = YES;
				COPY_PHASE_STRIP = NO;
				DEBUG_INFORMATION_FORMAT = dwarf;
				ENABLE_STRICT_OBJC_MSGSEND = YES;
				ENABLE_TESTABILITY = YES;
				GCC_C_LANGUAGE_STANDARD = gnu11;
				GCC_DYNAMIC_NO_PIC = NO;
				GCC_NO_COMMON_BLOCKS = YES;
				GCC_OPTIMIZATION_LEVEL = 0;
				GCC_PREPROCESSOR_DEFINITIONS = (
					"DEBUG=1",
					"$(inherited)",
				);
				GCC_WARN_64_TO_32_BIT_CONVERSION = YES;
				GCC_WARN_ABOUT_RETURN_TYPE = YES_ERROR;
				GCC_WARN_UNDECLARED_SELECTOR = YES;
				GCC_WARN_UNINITIALIZED_AUTOS = YES_AGGRESSIVE;
				GCC_WARN_UNUSED_FUNCTION = YES;
				GCC_WARN_UNUSED_VARIABLE = YES;
				IPHONEOS_DEPLOYMENT_TARGET = 16.0;
				MTL_ENABLE_DEBUG_INFO = INCLUDE_SOURCE;
				MTL_FAST_MATH = YES;
				ONLY_ACTIVE_ARCH = YES;
				SDKROOT = iphoneos;
				SWIFT_ACTIVE_COMPILATION_CONDITIONS = DEBUG;
				SWIFT_OPTIMIZATION_LEVEL = "-Onone";
			};
			name = Debug;
		};
		B45ABFDD299E98690099B3DA /* Release */ = {
			isa = XCBuildConfiguration;
			buildSettings = {
				ALWAYS_SEARCH_USER_PATHS = NO;
				CLANG_ANALYZER_NONNULL = YES;
				CLANG_ANALYZER_NUMBER_OBJECT_CONVERSION = YES_AGGRESSIVE;
				CLANG_CXX_LANGUAGE_STANDARD = "gnu++20";
				CLANG_ENABLE_MODULES = YES;
				CLANG_ENABLE_OBJC_ARC = YES;
				CLANG_ENABLE_OBJC_WEAK = YES;
				CLANG_WARN_BLOCK_CAPTURE_AUTORELEASING = YES;
				CLANG_WARN_BOOL_CONVERSION = YES;
				CLANG_WARN_COMMA = YES;
				CLANG_WARN_CONSTANT_CONVERSION = YES;
				CLANG_WARN_DEPRECATED_OBJC_IMPLEMENTATIONS = YES;
				CLANG_WARN_DIRECT_OBJC_ISA_USAGE = YES_ERROR;
				CLANG_WARN_DOCUMENTATION_COMMENTS = YES;
				CLANG_WARN_EMPTY_BODY = YES;
				CLANG_WARN_ENUM_CONVERSION = YES;
				CLANG_WARN_INFINITE_RECURSION = YES;
				CLANG_WARN_INT_CONVERSION = YES;
				CLANG_WARN_NON_LITERAL_NULL_CONVERSION = YES;
				CLANG_WARN_OBJC_IMPLICIT_RETAIN_SELF = YES;
				CLANG_WARN_OBJC_LITERAL_CONVERSION = YES;
				CLANG_WARN_OBJC_ROOT_CLASS = YES_ERROR;
				CLANG_WARN_QUOTED_INCLUDE_IN_FRAMEWORK_HEADER = YES;
				CLANG_WARN_RANGE_LOOP_ANALYSIS = YES;
				CLANG_WARN_STRICT_PROTOTYPES = YES;
				CLANG_WARN_SUSPICIOUS_MOVE = YES;
				CLANG_WARN_UNGUARDED_AVAILABILITY = YES_AGGRESSIVE;
				CLANG_WARN_UNREACHABLE_CODE = YES;
				CLANG_WARN__DUPLICATE_METHOD_MATCH = YES;
				COPY_PHASE_STRIP = NO;
				DEBUG_INFORMATION_FORMAT = "dwarf-with-dsym";
				ENABLE_NS_ASSERTIONS = NO;
				ENABLE_STRICT_OBJC_MSGSEND = YES;
				GCC_C_LANGUAGE_STANDARD = gnu11;
				GCC_NO_COMMON_BLOCKS = YES;
				GCC_WARN_64_TO_32_BIT_CONVERSION = YES;
				GCC_WARN_ABOUT_RETURN_TYPE = YES_ERROR;
				GCC_WARN_UNDECLARED_SELECTOR = YES;
				GCC_WARN_UNINITIALIZED_AUTOS = YES_AGGRESSIVE;
				GCC_WARN_UNUSED_FUNCTION = YES;
				GCC_WARN_UNUSED_VARIABLE = YES;
				IPHONEOS_DEPLOYMENT_TARGET = 16.0;
				MTL_ENABLE_DEBUG_INFO = NO;
				MTL_FAST_MATH = YES;
				SDKROOT = iphoneos;
				SWIFT_COMPILATION_MODE = wholemodule;
				SWIFT_OPTIMIZATION_LEVEL = "-O";
				VALIDATE_PRODUCT = YES;
			};
			name = Release;
		};
		B45ABFDF299E98690099B3DA /* Debug */ = {
			isa = XCBuildConfiguration;
			buildSettings = {
				ASSETCATALOG_COMPILER_APPICON_NAME = AppIcon;
				ASSETCATALOG_COMPILER_GLOBAL_ACCENT_COLOR_NAME = AccentColor;
				CODE_SIGN_STYLE = Automatic;
				CURRENT_PROJECT_VERSION = 1;
				DEVELOPMENT_ASSET_PATHS = "\"InstaPets/Preview Content\"";
				DEVELOPMENT_TEAM = 9YRW6AKFZ7;
				ENABLE_PREVIEWS = YES;
				GENERATE_INFOPLIST_FILE = YES;
				INFOPLIST_FILE = InstaPets/Info.plist;
				INFOPLIST_KEY_NSCameraUsageDescription = "Instapets needs access to your camera so you can take photos of your favorite pets.";
				INFOPLIST_KEY_UIApplicationSceneManifest_Generation = YES;
				INFOPLIST_KEY_UIApplicationSupportsIndirectInputEvents = YES;
				INFOPLIST_KEY_UILaunchScreen_Generation = YES;
				INFOPLIST_KEY_UISupportedInterfaceOrientations = UIInterfaceOrientationPortrait;
				LD_RUNPATH_SEARCH_PATHS = (
					"$(inherited)",
					"@executable_path/Frameworks",
				);
				MARKETING_VERSION = 1.0;
				PRODUCT_BUNDLE_IDENTIFIER = co.diasGustaavo.InstaPets;
				PRODUCT_NAME = "$(TARGET_NAME)";
				SUPPORTED_PLATFORMS = "iphoneos iphonesimulator";
				SUPPORTS_MACCATALYST = NO;
				SUPPORTS_MAC_DESIGNED_FOR_IPHONE_IPAD = NO;
				SWIFT_EMIT_LOC_STRINGS = YES;
				SWIFT_VERSION = 5.0;
				TARGETED_DEVICE_FAMILY = 1;
			};
			name = Debug;
		};
		B45ABFE0299E98690099B3DA /* Release */ = {
			isa = XCBuildConfiguration;
			buildSettings = {
				ASSETCATALOG_COMPILER_APPICON_NAME = AppIcon;
				ASSETCATALOG_COMPILER_GLOBAL_ACCENT_COLOR_NAME = AccentColor;
				CODE_SIGN_STYLE = Automatic;
				CURRENT_PROJECT_VERSION = 1;
				DEVELOPMENT_ASSET_PATHS = "\"InstaPets/Preview Content\"";
				DEVELOPMENT_TEAM = 9YRW6AKFZ7;
				ENABLE_PREVIEWS = YES;
				GENERATE_INFOPLIST_FILE = YES;
				INFOPLIST_FILE = InstaPets/Info.plist;
				INFOPLIST_KEY_NSCameraUsageDescription = "Instapets needs access to your camera so you can take photos of your favorite pets.";
				INFOPLIST_KEY_UIApplicationSceneManifest_Generation = YES;
				INFOPLIST_KEY_UIApplicationSupportsIndirectInputEvents = YES;
				INFOPLIST_KEY_UILaunchScreen_Generation = YES;
				INFOPLIST_KEY_UISupportedInterfaceOrientations = UIInterfaceOrientationPortrait;
				LD_RUNPATH_SEARCH_PATHS = (
					"$(inherited)",
					"@executable_path/Frameworks",
				);
				MARKETING_VERSION = 1.0;
				PRODUCT_BUNDLE_IDENTIFIER = co.diasGustaavo.InstaPets;
				PRODUCT_NAME = "$(TARGET_NAME)";
				SUPPORTED_PLATFORMS = "iphoneos iphonesimulator";
				SUPPORTS_MACCATALYST = NO;
				SUPPORTS_MAC_DESIGNED_FOR_IPHONE_IPAD = NO;
				SWIFT_EMIT_LOC_STRINGS = YES;
				SWIFT_VERSION = 5.0;
				TARGETED_DEVICE_FAMILY = 1;
			};
			name = Release;
		};
/* End XCBuildConfiguration section */

/* Begin XCConfigurationList section */
		B45ABFCB299E98670099B3DA /* Build configuration list for PBXProject "InstaPets" */ = {
			isa = XCConfigurationList;
			buildConfigurations = (
				B45ABFDC299E98690099B3DA /* Debug */,
				B45ABFDD299E98690099B3DA /* Release */,
			);
			defaultConfigurationIsVisible = 0;
			defaultConfigurationName = Release;
		};
		B45ABFDE299E98690099B3DA /* Build configuration list for PBXNativeTarget "InstaPets" */ = {
			isa = XCConfigurationList;
			buildConfigurations = (
				B45ABFDF299E98690099B3DA /* Debug */,
				B45ABFE0299E98690099B3DA /* Release */,
			);
			defaultConfigurationIsVisible = 0;
			defaultConfigurationName = Release;
		};
/* End XCConfigurationList section */

/* Begin XCRemoteSwiftPackageReference section */
		B449C1C829A119D10032046A /* XCRemoteSwiftPackageReference "firebase-ios-sdk" */ = {
			isa = XCRemoteSwiftPackageReference;
			repositoryURL = "https://github.com/firebase/firebase-ios-sdk";
			requirement = {
				branch = master;
				kind = branch;
			};
		};
		B4F61F8C29A7F109007467FB /* XCRemoteSwiftPackageReference "Kingfisher" */ = {
			isa = XCRemoteSwiftPackageReference;
			repositoryURL = "https://github.com/onevcat/Kingfisher.git";
			requirement = {
				branch = master;
				kind = branch;
			};
		};
		B4FCB97829A933B800F8432F /* XCRemoteSwiftPackageReference "ACarousel" */ = {
			isa = XCRemoteSwiftPackageReference;
			repositoryURL = "https://github.com/JWAutumn/ACarousel.git";
			requirement = {
				kind = upToNextMajorVersion;
				minimumVersion = 0.2.0;
			};
		};
/* End XCRemoteSwiftPackageReference section */

/* Begin XCSwiftPackageProductDependency section */
		B449C1C929A119D10032046A /* FirebaseAuth */ = {
			isa = XCSwiftPackageProductDependency;
			package = B449C1C829A119D10032046A /* XCRemoteSwiftPackageReference "firebase-ios-sdk" */;
			productName = FirebaseAuth;
		};
		B449C1CB29A119D10032046A /* FirebaseFirestore */ = {
			isa = XCSwiftPackageProductDependency;
			package = B449C1C829A119D10032046A /* XCRemoteSwiftPackageReference "firebase-ios-sdk" */;
			productName = FirebaseFirestore;
		};
		B449C1CD29A119D10032046A /* FirebaseFirestoreSwift */ = {
			isa = XCSwiftPackageProductDependency;
			package = B449C1C829A119D10032046A /* XCRemoteSwiftPackageReference "firebase-ios-sdk" */;
			productName = FirebaseFirestoreSwift;
		};
		B449C1CF29A119D10032046A /* FirebaseStorage */ = {
			isa = XCSwiftPackageProductDependency;
			package = B449C1C829A119D10032046A /* XCRemoteSwiftPackageReference "firebase-ios-sdk" */;
			productName = FirebaseStorage;
		};
		B4F61F8D29A7F109007467FB /* Kingfisher */ = {
			isa = XCSwiftPackageProductDependency;
			package = B4F61F8C29A7F109007467FB /* XCRemoteSwiftPackageReference "Kingfisher" */;
			productName = Kingfisher;
		};
		B4FCB97929A933B800F8432F /* ACarousel */ = {
			isa = XCSwiftPackageProductDependency;
			package = B4FCB97829A933B800F8432F /* XCRemoteSwiftPackageReference "ACarousel" */;
			productName = ACarousel;
		};
/* End XCSwiftPackageProductDependency section */
	};
	rootObject = B45ABFC8299E98670099B3DA /* Project object */;
}
